
Microsoft Visual Studio Solution File, Format Version 12.00
# Visual Studio Version 17
VisualStudioVersion = 17.6.33723.286
MinimumVisualStudioVersion = 10.0.40219.1
Project("{8BC9CEB8-8B4A-11D0-8D11-00A0C91BC942}") = "Comclient_Output_Extract_Arr", "Comclient_Output_Extract_Arr\Comclient_Output_Extract_Arr.vcxproj", "{0A9F0CF1-896D-4F36-BB43-6E83FA444B2F}"
EndProject
Project("{8BC9CEB8-8B4A-11D0-8D11-00A0C91BC942}") = "ComClient_Output_Extract", "ComClient_Output_Extract\ComClient_Output_Extract.vcxproj", "{A97124FE-5C30-4CE9-ACB5-2FEBC850E444}"
EndProject
Global
	GlobalSection(SolutionConfigurationPlatforms) = preSolution
		Debug|x64 = Debug|x64
		Release|x64 = Release|x64
	EndGlobalSection
	GlobalSection(ProjectConfigurationPlatforms) = postSolution
		{0A9F0CF1-896D-4F36-BB43-6E83FA444B2F}.Debug|x64.ActiveCfg = Debug|x64
		{0A9F0CF1-896D-4F36-BB43-6E83FA444B2F}.Debug|x64.Build.0 = Debug|x64
		{0A9F0CF1-896D-4F36-BB43-6E83FA444B2F}.Release|x64.ActiveCfg = Release|x64
		{0A9F0CF1-896D-4F36-BB43-6E83FA444B2F}.Release|x64.Build.0 = Release|x64
		{A97124FE-5C30-4CE9-ACB5-2FEBC850E444}.Debug|x64.ActiveCfg = Debug|x64
		{A97124FE-5C30-4CE9-ACB5-2FEBC850E444}.Debug|x64.Build.0 = Debug|x64
		{A97124FE-5C30-4CE9-ACB5-2FEBC850E444}.Release|x64.ActiveCfg = Release|x64
		{A97124FE-5C30-4CE9-ACB5-2FEBC850E444}.Release|x64.Build.0 = Release|x64
	EndGlobalSection
	GlobalSection(SolutionProperties) = preSolution
		HideSolutionNode = FALSE
	EndGlobalSection
	GlobalSection(ExtensibilityGlobals) = postSolution
		SolutionGuid = {C472D601-1553-4AFD-AE50-74E9A40ABAC3}
	EndGlobalSection
EndGlobal
