
Microsoft Visual Studio Solution File, Format Version 12.00
# Visual Studio Version 17
VisualStudioVersion = 17.1.32421.90
MinimumVisualStudioVersion = 10.0.40219.1
Project("{FAE04EC0-301F-11D3-BF4B-00C04F79EFBC}") = "GsaConsoleApplication", "GsaConsoleApplication\GsaConsoleApplication.csproj", "{28B44B9A-578B-4DB4-9103-DE6D1F58B2FF}"
EndProject
Global
	GlobalSection(SolutionConfigurationPlatforms) = preSolution
		Debug|x64 = Debug|x64
		Release|x64 = Release|x64
	EndGlobalSection
	GlobalSection(ProjectConfigurationPlatforms) = postSolution
		{28B44B9A-578B-4DB4-9103-DE6D1F58B2FF}.Debug|x64.ActiveCfg = Debug|x64
		{28B44B9A-578B-4DB4-9103-DE6D1F58B2FF}.Debug|x64.Build.0 = Debug|x64
		{28B44B9A-578B-4DB4-9103-DE6D1F58B2FF}.Release|x64.ActiveCfg = Release|x64
		{28B44B9A-578B-4DB4-9103-DE6D1F58B2FF}.Release|x64.Build.0 = Release|x64
	EndGlobalSection
	GlobalSection(SolutionProperties) = preSolution
		HideSolutionNode = FALSE
	EndGlobalSection
	GlobalSection(ExtensibilityGlobals) = postSolution
		SolutionGuid = {D3859820-A4BF-4873-AA99-5ECB4C0F7B2F}
	EndGlobalSection
EndGlobal
