
Microsoft Visual Studio Solution File, Format Version 12.00
# Visual Studio Version 17
VisualStudioVersion = 17.2.32616.157
MinimumVisualStudioVersion = 10.0.40219.1
Project("{9A19103F-16F7-4668-BE54-9A1E7A4F7556}") = "ReinforcedConcreteAnalysis", "ReinforcedConcreteAnalysis\ReinforcedConcreteAnalysis.csproj", "{F63AD60B-8359-4CD4-AF57-1EA25E122D97}"
EndProject
Project("{9A19103F-16F7-4668-BE54-9A1E7A4F7556}") = "ApiVersion", "ApiVersion\ApiVersion.csproj", "{E5565520-5CD3-4533-8909-EDDC39BAC438}"
EndProject
Project("{9A19103F-16F7-4668-BE54-9A1E7A4F7556}") = "SampleProgram", "SampleProgram\SampleProgram.csproj", "{5FA72AA2-55EF-400F-9F48-3651668A5A58}"
EndProject
Project("{9A19103F-16F7-4668-BE54-9A1E7A4F7556}") = "SampleProgramTestsUsingMocking", "SampleProgramTestsUsingMocking\SampleProgramTestsUsingMocking.csproj", "{FD8700CF-D79A-4D8D-8540-5F762D538E1A}"
EndProject
Project("{9A19103F-16F7-4668-BE54-9A1E7A4F7556}") = "AdsToApi", "AdsToApi\AdsToApi.csproj", "{78C48E48-E70A-4CE9-8C38-0885C293F648}"
EndProject
Project("{9A19103F-16F7-4668-BE54-9A1E7A4F7556}") = "ApiToAds", "ApiToAds\ApiToAds.csproj", "{8C6CFBE0-F16B-432D-BC55-BEBF9E6B601D}"
EndProject
Project("{9A19103F-16F7-4668-BE54-9A1E7A4F7556}") = "SaveSectionImage", "SaveSectionImage\SaveSectionImage.csproj", "{783B4A2C-477D-4C05-9AC5-EE1644BE5245}"
EndProject
Global
	GlobalSection(SolutionConfigurationPlatforms) = preSolution
		Debug|x64 = Debug|x64
		Release|x64 = Release|x64
	EndGlobalSection
	GlobalSection(ProjectConfigurationPlatforms) = postSolution
		{F63AD60B-8359-4CD4-AF57-1EA25E122D97}.Debug|x64.ActiveCfg = Debug|x64
		{F63AD60B-8359-4CD4-AF57-1EA25E122D97}.Debug|x64.Build.0 = Debug|x64
		{F63AD60B-8359-4CD4-AF57-1EA25E122D97}.Release|x64.ActiveCfg = Release|x64
		{F63AD60B-8359-4CD4-AF57-1EA25E122D97}.Release|x64.Build.0 = Release|x64
		{E5565520-5CD3-4533-8909-EDDC39BAC438}.Debug|x64.ActiveCfg = Debug|x64
		{E5565520-5CD3-4533-8909-EDDC39BAC438}.Debug|x64.Build.0 = Debug|x64
		{E5565520-5CD3-4533-8909-EDDC39BAC438}.Release|x64.ActiveCfg = Release|x64
		{E5565520-5CD3-4533-8909-EDDC39BAC438}.Release|x64.Build.0 = Release|x64
		{5FA72AA2-55EF-400F-9F48-3651668A5A58}.Debug|x64.ActiveCfg = Debug|x64
		{5FA72AA2-55EF-400F-9F48-3651668A5A58}.Debug|x64.Build.0 = Debug|x64
		{5FA72AA2-55EF-400F-9F48-3651668A5A58}.Release|x64.ActiveCfg = Release|x64
		{5FA72AA2-55EF-400F-9F48-3651668A5A58}.Release|x64.Build.0 = Release|x64
		{FD8700CF-D79A-4D8D-8540-5F762D538E1A}.Debug|x64.ActiveCfg = Debug|x64
		{FD8700CF-D79A-4D8D-8540-5F762D538E1A}.Debug|x64.Build.0 = Debug|x64
		{FD8700CF-D79A-4D8D-8540-5F762D538E1A}.Release|x64.ActiveCfg = Release|x64
		{FD8700CF-D79A-4D8D-8540-5F762D538E1A}.Release|x64.Build.0 = Release|x64
		{78C48E48-E70A-4CE9-8C38-0885C293F648}.Debug|x64.ActiveCfg = Debug|x64
		{78C48E48-E70A-4CE9-8C38-0885C293F648}.Debug|x64.Build.0 = Debug|x64
		{78C48E48-E70A-4CE9-8C38-0885C293F648}.Release|x64.ActiveCfg = Release|x64
		{78C48E48-E70A-4CE9-8C38-0885C293F648}.Release|x64.Build.0 = Release|x64
		{8C6CFBE0-F16B-432D-BC55-BEBF9E6B601D}.Debug|x64.ActiveCfg = Debug|x64
		{8C6CFBE0-F16B-432D-BC55-BEBF9E6B601D}.Debug|x64.Build.0 = Debug|x64
		{8C6CFBE0-F16B-432D-BC55-BEBF9E6B601D}.Release|x64.ActiveCfg = Release|x64
		{8C6CFBE0-F16B-432D-BC55-BEBF9E6B601D}.Release|x64.Build.0 = Release|x64
		{783B4A2C-477D-4C05-9AC5-EE1644BE5245}.Debug|x64.ActiveCfg = Debug|x64
		{783B4A2C-477D-4C05-9AC5-EE1644BE5245}.Debug|x64.Build.0 = Debug|x64
		{783B4A2C-477D-4C05-9AC5-EE1644BE5245}.Release|x64.ActiveCfg = Release|x64
		{783B4A2C-477D-4C05-9AC5-EE1644BE5245}.Release|x64.Build.0 = Release|x64
	EndGlobalSection
	GlobalSection(SolutionProperties) = preSolution
		HideSolutionNode = FALSE
	EndGlobalSection
	GlobalSection(ExtensibilityGlobals) = postSolution
		SolutionGuid = {1B5D35C9-37F4-432D-B188-4B2C7BDF9CCF}
	EndGlobalSection
EndGlobal
